# THIS IS AN AUTOGENERATED FILE. DO NOT EDIT THIS FILE DIRECTLY.
# yarn lockfile v1


gitbook-plugin-expandable-chapters@^0.2.0:
  version "0.2.0"
  resolved "https://registry.yarnpkg.com/gitbook-plugin-expandable-chapters/-/gitbook-plugin-expandable-chapters-0.2.0.tgz#45d7087ae6907a41f48128c54fe56224a9c1ada2"
  integrity sha1-RdcIeuaQekH0gSjFT+ViJKnBraI=
